
Microsoft Visual Studio Solution File, Format Version 12.00
# Visual Studio Version 17
VisualStudioVersion = 17.8.34408.163
MinimumVisualStudioVersion = 10.0.40219.1
Project("{FAE04EC0-301F-11D3-BF4B-00C04F79EFBC}") = "JJRentals.Server", "JJRentals\Server\JJRentals.Server.csproj", "{BD66738A-0BDB-47DE-89DD-DA9DB3D78F30}"
EndProject
Project("{FAE04EC0-301F-11D3-BF4B-00C04F79EFBC}") = "JJRentals.Client", "JJRentals\Client\JJRentals.Client.csproj", "{B1197AAD-3D1A-4569-8F40-F1E81B2BE84D}"
EndProject
Project("{FAE04EC0-301F-11D3-BF4B-00C04F79EFBC}") = "JJRentals.Shared", "JJRentals\Shared\JJRentals.Shared.csproj", "{CBB1EF7D-C895-4B69-B847-4C4008B57497}"
EndProject
Global
	GlobalSection(SolutionConfigurationPlatforms) = preSolution
		Debug|Any CPU = Debug|Any CPU
		Release|Any CPU = Release|Any CPU
	EndGlobalSection
	GlobalSection(ProjectConfigurationPlatforms) = postSolution
		{BD66738A-0BDB-47DE-89DD-DA9DB3D78F30}.Debug|Any CPU.ActiveCfg = Debug|Any CPU
		{BD66738A-0BDB-47DE-89DD-DA9DB3D78F30}.Debug|Any CPU.Build.0 = Debug|Any CPU
		{BD66738A-0BDB-47DE-89DD-DA9DB3D78F30}.Release|Any CPU.ActiveCfg = Release|Any CPU
		{BD66738A-0BDB-47DE-89DD-DA9DB3D78F30}.Release|Any CPU.Build.0 = Release|Any CPU
		{B1197AAD-3D1A-4569-8F40-F1E81B2BE84D}.Debug|Any CPU.ActiveCfg = Debug|Any CPU
		{B1197AAD-3D1A-4569-8F40-F1E81B2BE84D}.Debug|Any CPU.Build.0 = Debug|Any CPU
		{B1197AAD-3D1A-4569-8F40-F1E81B2BE84D}.Release|Any CPU.ActiveCfg = Release|Any CPU
		{B1197AAD-3D1A-4569-8F40-F1E81B2BE84D}.Release|Any CPU.Build.0 = Release|Any CPU
		{CBB1EF7D-C895-4B69-B847-4C4008B57497}.Debug|Any CPU.ActiveCfg = Debug|Any CPU
		{CBB1EF7D-C895-4B69-B847-4C4008B57497}.Debug|Any CPU.Build.0 = Debug|Any CPU
		{CBB1EF7D-C895-4B69-B847-4C4008B57497}.Release|Any CPU.ActiveCfg = Release|Any CPU
		{CBB1EF7D-C895-4B69-B847-4C4008B57497}.Release|Any CPU.Build.0 = Release|Any CPU
	EndGlobalSection
	GlobalSection(SolutionProperties) = preSolution
		HideSolutionNode = FALSE
	EndGlobalSection
	GlobalSection(ExtensibilityGlobals) = postSolution
		SolutionGuid = {6B370F40-DE70-443D-AE7F-5F5ED0C0BB4B}
	EndGlobalSection
EndGlobal
